
Microsoft Visual Studio Solution File, Format Version 12.00
# Visual Studio Version 16
VisualStudioVersion = 16.0.31515.178
MinimumVisualStudioVersion = 10.0.40219.1
Project("{FAE04EC0-301F-11D3-BF4B-00C04F79EFBC}") = "TestNORBIT", "TestNORBIT\TestNORBIT.csproj", "{233B5EDB-78C5-4B0D-8E12-FD253C98F093}"
EndProject
Project("{FAE04EC0-301F-11D3-BF4B-00C04F79EFBC}") = "TestNORBIT.Tests", "TestNORBIT.Tests\TestNORBIT.Tests.csproj", "{77D2E33C-91F2-4F93-BCC8-F6F0DF604E45}"
EndProject
Global
	GlobalSection(SolutionConfigurationPlatforms) = preSolution
		Debug|Any CPU = Debug|Any CPU
		Release|Any CPU = Release|Any CPU
	EndGlobalSection
	GlobalSection(ProjectConfigurationPlatforms) = postSolution
		{233B5EDB-78C5-4B0D-8E12-FD253C98F093}.Debug|Any CPU.ActiveCfg = Debug|Any CPU
		{233B5EDB-78C5-4B0D-8E12-FD253C98F093}.Debug|Any CPU.Build.0 = Debug|Any CPU
		{233B5EDB-78C5-4B0D-8E12-FD253C98F093}.Release|Any CPU.ActiveCfg = Release|Any CPU
		{233B5EDB-78C5-4B0D-8E12-FD253C98F093}.Release|Any CPU.Build.0 = Release|Any CPU
		{77D2E33C-91F2-4F93-BCC8-F6F0DF604E45}.Debug|Any CPU.ActiveCfg = Debug|Any CPU
		{77D2E33C-91F2-4F93-BCC8-F6F0DF604E45}.Debug|Any CPU.Build.0 = Debug|Any CPU
		{77D2E33C-91F2-4F93-BCC8-F6F0DF604E45}.Release|Any CPU.ActiveCfg = Release|Any CPU
		{77D2E33C-91F2-4F93-BCC8-F6F0DF604E45}.Release|Any CPU.Build.0 = Release|Any CPU
	EndGlobalSection
	GlobalSection(SolutionProperties) = preSolution
		HideSolutionNode = FALSE
	EndGlobalSection
	GlobalSection(ExtensibilityGlobals) = postSolution
		SolutionGuid = {75BBEB1D-46AD-4887-9DA9-C4E59F0C1B0A}
	EndGlobalSection
EndGlobal
